// !$*UTF8*$!
{
	archiveVersion = 1;
	classes = {
	};
	objectVersion = 50;
	objects = {

/* Begin PBXBuildFile section */
		4A4B51EB224732DE0004FD42 /* AppDelegate.swift in Sources */ = {isa = PBXBuildFile; fileRef = 4A4B51EA224732DE0004FD42 /* AppDelegate.swift */; };
		4A4B51ED224732DE0004FD42 /* ViewController.swift in Sources */ = {isa = PBXBuildFile; fileRef = 4A4B51EC224732DE0004FD42 /* ViewController.swift */; };
		4A4B51F0224732DE0004FD42 /* Main.storyboard in Resources */ = {isa = PBXBuildFile; fileRef = 4A4B51EE224732DE0004FD42 /* Main.storyboard */; };
		4A4B51F2224732E00004FD42 /* Assets.xcassets in Resources */ = {isa = PBXBuildFile; fileRef = 4A4B51F1224732E00004FD42 /* Assets.xcassets */; };
		4A4B51F5224732E00004FD42 /* LaunchScreen.storyboard in Resources */ = {isa = PBXBuildFile; fileRef = 4A4B51F3224732E00004FD42 /* LaunchScreen.storyboard */; };
		4A4B5200224732E00004FD42 /* Xcode_GitHubTests.swift in Sources */ = {isa = PBXBuildFile; fileRef = 4A4B51FF224732E00004FD42 /* Xcode_GitHubTests.swift */; };
		4A4B520B224732E00004FD42 /* Xcode_GitHubUITests.swift in Sources */ = {isa = PBXBuildFile; fileRef = 4A4B520A224732E00004FD42 /* Xcode_GitHubUITests.swift */; };
/* End PBXBuildFile section */

/* Begin PBXContainerItemProxy section */
		4A4B51FC224732E00004FD42 /* PBXContainerItemProxy */ = {
			isa = PBXContainerItemProxy;
			containerPortal = 4A4B51DF224732DE0004FD42 /* Project object */;
			proxyType = 1;
			remoteGlobalIDString = 4A4B51E6224732DE0004FD42;
			remoteInfo = "Xcode-GitHub";
		};
		4A4B5207224732E00004FD42 /* PBXContainerItemProxy */ = {
			isa = PBXContainerItemProxy;
			containerPortal = 4A4B51DF224732DE0004FD42 /* Project object */;
			proxyType = 1;
			remoteGlobalIDString = 4A4B51E6224732DE0004FD42;
			remoteInfo = "Xcode-GitHub";
		};
/* End PBXContainerItemProxy section */

/* Begin PBXFileReference section */
		4A4B51E7224732DE0004FD42 /* Xcode-GitHub.app */ = {isa = PBXFileReference; explicitFileType = wrapper.application; includeInIndex = 0; path = "Xcode-GitHub.app"; sourceTree = BUILT_PRODUCTS_DIR; };
		4A4B51EA224732DE0004FD42 /* AppDelegate.swift */ = {isa = PBXFileReference; lastKnownFileType = sourcecode.swift; path = AppDelegate.swift; sourceTree = "<group>"; };
		4A4B51EC224732DE0004FD42 /* ViewController.swift */ = {isa = PBXFileReference; lastKnownFileType = sourcecode.swift; path = ViewController.swift; sourceTree = "<group>"; };
		4A4B51EF224732DE0004FD42 /* Base */ = {isa = PBXFileReference; lastKnownFileType = file.storyboard; name = Base; path = Base.lproj/Main.storyboard; sourceTree = "<group>"; };
		4A4B51F1224732E00004FD42 /* Assets.xcassets */ = {isa = PBXFileReference; lastKnownFileType = folder.assetcatalog; path = Assets.xcassets; sourceTree = "<group>"; };
		4A4B51F4224732E00004FD42 /* Base */ = {isa = PBXFileReference; lastKnownFileType = file.storyboard; name = Base; path = Base.lproj/LaunchScreen.storyboard; sourceTree = "<group>"; };
		4A4B51F6224732E00004FD42 /* Info.plist */ = {isa = PBXFileReference; lastKnownFileType = text.plist.xml; path = Info.plist; sourceTree = "<group>"; };
		4A4B51FB224732E00004FD42 /* Xcode-GitHubTests.xctest */ = {isa = PBXFileReference; explicitFileType = wrapper.cfbundle; includeInIndex = 0; path = "Xcode-GitHubTests.xctest"; sourceTree = BUILT_PRODUCTS_DIR; };
		4A4B51FF224732E00004FD42 /* Xcode_GitHubTests.swift */ = {isa = PBXFileReference; lastKnownFileType = sourcecode.swift; path = Xcode_GitHubTests.swift; sourceTree = "<group>"; };
		4A4B5201224732E00004FD42 /* Info.plist */ = {isa = PBXFileReference; lastKnownFileType = text.plist.xml; path = Info.plist; sourceTree = "<group>"; };
		4A4B5206224732E00004FD42 /* Xcode-GitHubUITests.xctest */ = {isa = PBXFileReference; explicitFileType = wrapper.cfbundle; includeInIndex = 0; path = "Xcode-GitHubUITests.xctest"; sourceTree = BUILT_PRODUCTS_DIR; };
		4A4B520A224732E00004FD42 /* Xcode_GitHubUITests.swift */ = {isa = PBXFileReference; lastKnownFileType = sourcecode.swift; path = Xcode_GitHubUITests.swift; sourceTree = "<group>"; };
		4A4B520C224732E00004FD42 /* Info.plist */ = {isa = PBXFileReference; lastKnownFileType = text.plist.xml; path = Info.plist; sourceTree = "<group>"; };
/* End PBXFileReference section */

/* Begin PBXFrameworksBuildPhase section */
		4A4B51E4224732DE0004FD42 /* Frameworks */ = {
			isa = PBXFrameworksBuildPhase;
			buildActionMask = 2147483647;
			files = (
			);
			runOnlyForDeploymentPostprocessing = 0;
		};
		4A4B51F8224732E00004FD42 /* Frameworks */ = {
			isa = PBXFrameworksBuildPhase;
			buildActionMask = 2147483647;
			files = (
			);
			runOnlyForDeploymentPostprocessing = 0;
		};
		4A4B5203224732E00004FD42 /* Frameworks */ = {
			isa = PBXFrameworksBuildPhase;
			buildActionMask = 2147483647;
			files = (
			);
			runOnlyForDeploymentPostprocessing = 0;
		};
/* End PBXFrameworksBuildPhase section */

/* Begin PBXGroup section */
		4A4B51DE224732DE0004FD42 = {
			isa = PBXGroup;
			children = (
				4A4B51E9224732DE0004FD42 /* Xcode-GitHub */,
				4A4B51FE224732E00004FD42 /* Xcode-GitHubTests */,
				4A4B5209224732E00004FD42 /* Xcode-GitHubUITests */,
				4A4B51E8224732DE0004FD42 /* Products */,
			);
			sourceTree = "<group>";
		};
		4A4B51E8224732DE0004FD42 /* Products */ = {
			isa = PBXGroup;
			children = (
				4A4B51E7224732DE0004FD42 /* Xcode-GitHub.app */,
				4A4B51FB224732E00004FD42 /* Xcode-GitHubTests.xctest */,
				4A4B5206224732E00004FD42 /* Xcode-GitHubUITests.xctest */,
			);
			name = Products;
			sourceTree = "<group>";
		};
		4A4B51E9224732DE0004FD42 /* Xcode-GitHub */ = {
			isa = PBXGroup;
			children = (
				4A4B51EA224732DE0004FD42 /* AppDelegate.swift */,
				4A4B51EC224732DE0004FD42 /* ViewController.swift */,
				4A4B51EE224732DE0004FD42 /* Main.storyboard */,
				4A4B51F1224732E00004FD42 /* Assets.xcassets */,
				4A4B51F3224732E00004FD42 /* LaunchScreen.storyboard */,
				4A4B51F6224732E00004FD42 /* Info.plist */,
			);
			path = "Xcode-GitHub";
			sourceTree = "<group>";
		};
		4A4B51FE224732E00004FD42 /* Xcode-GitHubTests */ = {
			isa = PBXGroup;
			children = (
				4A4B51FF224732E00004FD42 /* Xcode_GitHubTests.swift */,
				4A4B5201224732E00004FD42 /* Info.plist */,
			);
			path = "Xcode-GitHubTests";
			sourceTree = "<group>";
		};
		4A4B5209224732E00004FD42 /* Xcode-GitHubUITests */ = {
			isa = PBXGroup;
			children = (
				4A4B520A224732E00004FD42 /* Xcode_GitHubUITests.swift */,
				4A4B520C224732E00004FD42 /* Info.plist */,
			);
			path = "Xcode-GitHubUITests";
			sourceTree = "<group>";
		};
/* End PBXGroup section */

/* Begin PBXNativeTarget section */
		4A4B51E6224732DE0004FD42 /* Xcode-GitHub */ = {
			isa = PBXNativeTarget;
			buildConfigurationList = 4A4B520F224732E00004FD42 /* Build configuration list for PBXNativeTarget "Xcode-GitHub" */;
			buildPhases = (
				4A4B51E3224732DE0004FD42 /* Sources */,
				4A4B51E4224732DE0004FD42 /* Frameworks */,
				4A4B51E5224732DE0004FD42 /* Resources */,
			);
			buildRules = (
			);
			dependencies = (
			);
			name = "Xcode-GitHub";
			productName = "Xcode-GitHub";
			productReference = 4A4B51E7224732DE0004FD42 /* Xcode-GitHub.app */;
			productType = "com.apple.product-type.application";
		};
		4A4B51FA224732E00004FD42 /* Xcode-GitHubTests */ = {
			isa = PBXNativeTarget;
			buildConfigurationList = 4A4B5212224732E00004FD42 /* Build configuration list for PBXNativeTarget "Xcode-GitHubTests" */;
			buildPhases = (
				4A4B51F7224732E00004FD42 /* Sources */,
				4A4B51F8224732E00004FD42 /* Frameworks */,
				4A4B51F9224732E00004FD42 /* Resources */,
			);
			buildRules = (
			);
			dependencies = (
				4A4B51FD224732E00004FD42 /* PBXTargetDependency */,
			);
			name = "Xcode-GitHubTests";
			productName = "Xcode-GitHubTests";
			productReference = 4A4B51FB224732E00004FD42 /* Xcode-GitHubTests.xctest */;
			productType = "com.apple.product-type.bundle.unit-test";
		};
		4A4B5205224732E00004FD42 /* Xcode-GitHubUITests */ = {
			isa = PBXNativeTarget;
			buildConfigurationList = 4A4B5215224732E00004FD42 /* Build configuration list for PBXNativeTarget "Xcode-GitHubUITests" */;
			buildPhases = (
				4A4B5202224732E00004FD42 /* Sources */,
				4A4B5203224732E00004FD42 /* Frameworks */,
				4A4B5204224732E00004FD42 /* Resources */,
			);
			buildRules = (
			);
			dependencies = (
				4A4B5208224732E00004FD42 /* PBXTargetDependency */,
			);
			name = "Xcode-GitHubUITests";
			productName = "Xcode-GitHubUITests";
			productReference = 4A4B5206224732E00004FD42 /* Xcode-GitHubUITests.xctest */;
			productType = "com.apple.product-type.bundle.ui-testing";
		};
/* End PBXNativeTarget section */

/* Begin PBXProject section */
		4A4B51DF224732DE0004FD42 /* Project object */ = {
			isa = PBXProject;
			attributes = {
				LastSwiftUpdateCheck = 1010;
				LastUpgradeCheck = 1010;
				ORGANIZATIONNAME = "Valeria Torres-Olivares";
				TargetAttributes = {
					4A4B51E6224732DE0004FD42 = {
						CreatedOnToolsVersion = 10.1;
					};
					4A4B51FA224732E00004FD42 = {
						CreatedOnToolsVersion = 10.1;
						TestTargetID = 4A4B51E6224732DE0004FD42;
					};
					4A4B5205224732E00004FD42 = {
						CreatedOnToolsVersion = 10.1;
						TestTargetID = 4A4B51E6224732DE0004FD42;
					};
				};
			};
			buildConfigurationList = 4A4B51E2224732DE0004FD42 /* Build configuration list for PBXProject "Xcode-GitHub" */;
			compatibilityVersion = "Xcode 9.3";
			developmentRegion = en;
			hasScannedForEncodings = 0;
			knownRegions = (
				en,
				Base,
			);
			mainGroup = 4A4B51DE224732DE0004FD42;
			productRefGroup = 4A4B51E8224732DE0004FD42 /* Products */;
			projectDirPath = "";
			projectRoot = "";
			targets = (
				4A4B51E6224732DE0004FD42 /* Xcode-GitHub */,
				4A4B51FA224732E00004FD42 /* Xcode-GitHubTests */,
				4A4B5205224732E00004FD42 /* Xcode-GitHubUITests */,
			);
		};
/* End PBXProject section */

/* Begin PBXResourcesBuildPhase section */
		4A4B51E5224732DE0004FD42 /* Resources */ = {
			isa = PBXResourcesBuildPhase;
			buildActionMask = 2147483647;
			files = (
				4A4B51F5224732E00004FD42 /* LaunchScreen.storyboard in Resources */,
				4A4B51F2224732E00004FD42 /* Assets.xcassets in Resources */,
				4A4B51F0224732DE0004FD42 /* Main.storyboard in Resources */,
			);
			runOnlyForDeploymentPostprocessing = 0;
		};
		4A4B51F9224732E00004FD42 /* Resources */ = {
			isa = PBXResourcesBuildPhase;
			buildActionMask = 2147483647;
			files = (
			);
			runOnlyForDeploymentPostprocessing = 0;
		};
		4A4B5204224732E00004FD42 /* Resources */ = {
			isa = PBXResourcesBuildPhase;
			buildActionMask = 2147483647;
			files = (
			);
			runOnlyForDeploymentPostprocessing = 0;
		};
/* End PBXResourcesBuildPhase section */

/* Begin PBXSourcesBuildPhase section */
		4A4B51E3224732DE0004FD42 /* Sources */ = {
			isa = PBXSourcesBuildPhase;
			buildActionMask = 2147483647;
			files = (
				4A4B51ED224732DE0004FD42 /* ViewController.swift in Sources */,
				4A4B51EB224732DE0004FD42 /* AppDelegate.swift in Sources */,
			);
			runOnlyForDeploymentPostprocessing = 0;
		};
		4A4B51F7224732E00004FD42 /* Sources */ = {
			isa = PBXSourcesBuildPhase;
			buildActionMask = 2147483647;
			files = (
				4A4B5200224732E00004FD42 /* Xcode_GitHubTests.swift in Sources */,
			);
			runOnlyForDeploymentPostprocessing = 0;
		};
		4A4B5202224732E00004FD42 /* Sources */ = {
			isa = PBXSourcesBuildPhase;
			buildActionMask = 2147483647;
			files = (
				4A4B520B224732E00004FD42 /* Xcode_GitHubUITests.swift in Sources */,
			);
			runOnlyForDeploymentPostprocessing = 0;
		};
/* End PBXSourcesBuildPhase section */

/* Begin PBXTargetDependency section */
		4A4B51FD224732E00004FD42 /* PBXTargetDependency */ = {
			isa = PBXTargetDependency;
			target = 4A4B51E6224732DE0004FD42 /* Xcode-GitHub */;
			targetProxy = 4A4B51FC224732E00004FD42 /* PBXContainerItemProxy */;
		};
		4A4B5208224732E00004FD42 /* PBXTargetDependency */ = {
			isa = PBXTargetDependency;
			target = 4A4B51E6224732DE0004FD42 /* Xcode-GitHub */;
			targetProxy = 4A4B5207224732E00004FD42 /* PBXContainerItemProxy */;
		};
/* End PBXTargetDependency section */

/* Begin PBXVariantGroup section */
		4A4B51EE224732DE0004FD42 /* Main.storyboard */ = {
			isa = PBXVariantGroup;
			children = (
				4A4B51EF224732DE0004FD42 /* Base */,
			);
			name = Main.storyboard;
			sourceTree = "<group>";
		};
		4A4B51F3224732E00004FD42 /* LaunchScreen.storyboard */ = {
			isa = PBXVariantGroup;
			children = (
				4A4B51F4224732E00004FD42 /* Base */,
			);
			name = LaunchScreen.storyboard;
			sourceTree = "<group>";
		};
/* End PBXVariantGroup section */

/* Begin XCBuildConfiguration section */
		4A4B520D224732E00004FD42 /* Debug */ = {
			isa = XCBuildConfiguration;
			buildSettings = {
				ALWAYS_SEARCH_USER_PATHS = NO;
				CLANG_ANALYZER_NONNULL = YES;
				CLANG_ANALYZER_NUMBER_OBJECT_CONVERSION = YES_AGGRESSIVE;
				CLANG_CXX_LANGUAGE_STANDARD = "gnu++14";
				CLANG_CXX_LIBRARY = "libc++";
				CLANG_ENABLE_MODULES = YES;
				CLANG_ENABLE_OBJC_ARC = YES;
				CLANG_ENABLE_OBJC_WEAK = YES;
				CLANG_WARN_BLOCK_CAPTURE_AUTORELEASING = YES;
				CLANG_WARN_BOOL_CONVERSION = YES;
				CLANG_WARN_COMMA = YES;
				CLANG_WARN_CONSTANT_CONVERSION = YES;
				CLANG_WARN_DEPRECATED_OBJC_IMPLEMENTATIONS = YES;
				CLANG_WARN_DIRECT_OBJC_ISA_USAGE = YES_ERROR;
				CLANG_WARN_DOCUMENTATION_COMMENTS = YES;
				CLANG_WARN_EMPTY_BODY = YES;
				CLANG_WARN_ENUM_CONVERSION = YES;
				CLANG_WARN_INFINITE_RECURSION = YES;
				CLANG_WARN_INT_CONVERSION = YES;
				CLANG_WARN_NON_LITERAL_NULL_CONVERSION = YES;
				CLANG_WARN_OBJC_IMPLICIT_RETAIN_SELF = YES;
				CLANG_WARN_OBJC_LITERAL_CONVERSION = YES;
				CLANG_WARN_OBJC_ROOT_CLASS = YES_ERROR;
				CLANG_WARN_RANGE_LOOP_ANALYSIS = YES;
				CLANG_WARN_STRICT_PROTOTYPES = YES;
				CLANG_WARN_SUSPICIOUS_MOVE = YES;
				CLANG_WARN_UNGUARDED_AVAILABILITY = YES_AGGRESSIVE;
				CLANG_WARN_UNREACHABLE_CODE = YES;
				CLANG_WARN__DUPLICATE_METHOD_MATCH = YES;
				CODE_SIGN_IDENTITY = "iPhone Developer";
				COPY_PHASE_STRIP = NO;
				DEBUG_INFORMATION_FORMAT = dwarf;
				ENABLE_STRICT_OBJC_MSGSEND = YES;
				ENABLE_TESTABILITY = YES;
				GCC_C_LANGUAGE_STANDARD = gnu11;
				GCC_DYNAMIC_NO_PIC = NO;
				GCC_NO_COMMON_BLOCKS = YES;
				GCC_OPTIMIZATION_LEVEL = 0;
				GCC_PREPROCESSOR_DEFINITIONS = (
					"DEBUG=1",
					"$(inherited)",
				);
				GCC_WARN_64_TO_32_BIT_CONVERSION = YES;
				GCC_WARN_ABOUT_RETURN_TYPE = YES_ERROR;
				GCC_WARN_UNDECLARED_SELECTOR = YES;
				GCC_WARN_UNINITIALIZED_AUTOS = YES_AGGRESSIVE;
				GCC_WARN_UNUSED_FUNCTION = YES;
				GCC_WARN_UNUSED_VARIABLE = YES;
				IPHONEOS_DEPLOYMENT_TARGET = 12.1;
				MTL_ENABLE_DEBUG_INFO = INCLUDE_SOURCE;
				MTL_FAST_MATH = YES;
				ONLY_ACTIVE_ARCH = YES;
				SDKROOT = iphoneos;
				SWIFT_ACTIVE_COMPILATION_CONDITIONS = DEBUG;
				SWIFT_OPTIMIZATION_LEVEL = "-Onone";
			};
			name = Debug;
		};
		4A4B520E224732E00004FD42 /* Release */ = {
			isa = XCBuildConfiguration;
			buildSettings = {
				ALWAYS_SEARCH_USER_PATHS = NO;
				CLANG_ANALYZER_NONNULL = YES;
				CLANG_ANALYZER_NUMBER_OBJECT_CONVERSION = YES_AGGRESSIVE;
				CLANG_CXX_LANGUAGE_STANDARD = "gnu++14";
				CLANG_CXX_LIBRARY = "libc++";
				CLANG_ENABLE_MODULES = YES;
				CLANG_ENABLE_OBJC_ARC = YES;
				CLANG_ENABLE_OBJC_WEAK = YES;
				CLANG_WARN_BLOCK_CAPTURE_AUTORELEASING = YES;
				CLANG_WARN_BOOL_CONVERSION = YES;
				CLANG_WARN_COMMA = YES;
				CLANG_WARN_CONSTANT_CONVERSION = YES;
				CLANG_WARN_DEPRECATED_OBJC_IMPLEMENTATIONS = YES;
				CLANG_WARN_DIRECT_OBJC_ISA_USAGE = YES_ERROR;
				CLANG_WARN_DOCUMENTATION_COMMENTS = YES;
				CLANG_WARN_EMPTY_BODY = YES;
				CLANG_WARN_ENUM_CONVERSION = YES;
				CLANG_WARN_INFINITE_RECURSION = YES;
				CLANG_WARN_INT_CONVERSION = YES;
				CLANG_WARN_NON_LITERAL_NULL_CONVERSION = YES;
				CLANG_WARN_OBJC_IMPLICIT_RETAIN_SELF = YES;
				CLANG_WARN_OBJC_LITERAL_CONVERSION = YES;
				CLANG_WARN_OBJC_ROOT_CLASS = YES_ERROR;
				CLANG_WARN_RANGE_LOOP_ANALYSIS = YES;
				CLANG_WARN_STRICT_PROTOTYPES = YES;
				CLANG_WARN_SUSPICIOUS_MOVE = YES;
				CLANG_WARN_UNGUARDED_AVAILABILITY = YES_AGGRESSIVE;
				CLANG_WARN_UNREACHABLE_CODE = YES;
				CLANG_WARN__DUPLICATE_METHOD_MATCH = YES;
				CODE_SIGN_IDENTITY = "iPhone Developer";
				COPY_PHASE_STRIP = NO;
				DEBUG_INFORMATION_FORMAT = "dwarf-with-dsym";
				ENABLE_NS_ASSERTIONS = NO;
				ENABLE_STRICT_OBJC_MSGSEND = YES;
				GCC_C_LANGUAGE_STANDARD = gnu11;
				GCC_NO_COMMON_BLOCKS = YES;
				GCC_WARN_64_TO_32_BIT_CONVERSION = YES;
				GCC_WARN_ABOUT_RETURN_TYPE = YES_ERROR;
				GCC_WARN_UNDECLARED_SELECTOR = YES;
				GCC_WARN_UNINITIALIZED_AUTOS = YES_AGGRESSIVE;
				GCC_WARN_UNUSED_FUNCTION = YES;
				GCC_WARN_UNUSED_VARIABLE = YES;
				IPHONEOS_DEPLOYMENT_TARGET = 12.1;
				MTL_ENABLE_DEBUG_INFO = NO;
				MTL_FAST_MATH = YES;
				SDKROOT = iphoneos;
				SWIFT_COMPILATION_MODE = wholemodule;
				SWIFT_OPTIMIZATION_LEVEL = "-O";
				VALIDATE_PRODUCT = YES;
			};
			name = Release;
		};
		4A4B5210224732E00004FD42 /* Debug */ = {
			isa = XCBuildConfiguration;
			buildSettings = {
				ASSETCATALOG_COMPILER_APPICON_NAME = AppIcon;
				CODE_SIGN_STYLE = Automatic;
				INFOPLIST_FILE = "Xcode-GitHub/Info.plist";
				LD_RUNPATH_SEARCH_PATHS = (
					"$(inherited)",
					"@executable_path/Frameworks",
				);
				PRODUCT_BUNDLE_IDENTIFIER = "Valeria.Xcode-GitHub";
				PRODUCT_NAME = "$(TARGET_NAME)";
				SWIFT_VERSION = 4.2;
				TARGETED_DEVICE_FAMILY = "1,2";
			};
			name = Debug;
		};
		4A4B5211224732E00004FD42 /* Release */ = {
			isa = XCBuildConfiguration;
			buildSettings = {
				ASSETCATALOG_COMPILER_APPICON_NAME = AppIcon;
				CODE_SIGN_STYLE = Automatic;
				INFOPLIST_FILE = "Xcode-GitHub/Info.plist";
				LD_RUNPATH_SEARCH_PATHS = (
					"$(inherited)",
					"@executable_path/Frameworks",
				);
				PRODUCT_BUNDLE_IDENTIFIER = "Valeria.Xcode-GitHub";
				PRODUCT_NAME = "$(TARGET_NAME)";
				SWIFT_VERSION = 4.2;
				TARGETED_DEVICE_FAMILY = "1,2";
			};
			name = Release;
		};
		4A4B5213224732E00004FD42 /* Debug */ = {
			isa = XCBuildConfiguration;
			buildSettings = {
				ALWAYS_EMBED_SWIFT_STANDARD_LIBRARIES = YES;
				BUNDLE_LOADER = "$(TEST_HOST)";
				CODE_SIGN_STYLE = Automatic;
				INFOPLIST_FILE = "Xcode-GitHubTests/Info.plist";
				LD_RUNPATH_SEARCH_PATHS = (
					"$(inherited)",
					"@executable_path/Frameworks",
					"@loader_path/Frameworks",
				);
				PRODUCT_BUNDLE_IDENTIFIER = "Valeria.Xcode-GitHubTests";
				PRODUCT_NAME = "$(TARGET_NAME)";
				SWIFT_VERSION = 4.2;
				TARGETED_DEVICE_FAMILY = "1,2";
				TEST_HOST = "$(BUILT_PRODUCTS_DIR)/Xcode-GitHub.app/Xcode-GitHub";
			};
			name = Debug;
		};
		4A4B5214224732E00004FD42 /* Release */ = {
			isa = XCBuildConfiguration;
			buildSettings = {
				ALWAYS_EMBED_SWIFT_STANDARD_LIBRARIES = YES;
				BUNDLE_LOADER = "$(TEST_HOST)";
				CODE_SIGN_STYLE = Automatic;
				INFOPLIST_FILE = "Xcode-GitHubTests/Info.plist";
				LD_RUNPATH_SEARCH_PATHS = (
					"$(inherited)",
					"@executable_path/Frameworks",
					"@loader_path/Frameworks",
				);
				PRODUCT_BUNDLE_IDENTIFIER = "Valeria.Xcode-GitHubTests";
				PRODUCT_NAME = "$(TARGET_NAME)";
				SWIFT_VERSION = 4.2;
				TARGETED_DEVICE_FAMILY = "1,2";
				TEST_HOST = "$(BUILT_PRODUCTS_DIR)/Xcode-GitHub.app/Xcode-GitHub";
			};
			name = Release;
		};
		4A4B5216224732E00004FD42 /* Debug */ = {
			isa = XCBuildConfiguration;
			buildSettings = {
				ALWAYS_EMBED_SWIFT_STANDARD_LIBRARIES = YES;
				CODE_SIGN_STYLE = Automatic;
				INFOPLIST_FILE = "Xcode-GitHubUITests/Info.plist";
				LD_RUNPATH_SEARCH_PATHS = (
					"$(inherited)",
					"@executable_path/Frameworks",
					"@loader_path/Frameworks",
				);
				PRODUCT_BUNDLE_IDENTIFIER = "Valeria.Xcode-GitHubUITests";
				PRODUCT_NAME = "$(TARGET_NAME)";
				SWIFT_VERSION = 4.2;
				TARGETED_DEVICE_FAMILY = "1,2";
				TEST_TARGET_NAME = "Xcode-GitHub";
			};
			name = Debug;
		};
		4A4B5217224732E00004FD42 /* Release */ = {
			isa = XCBuildConfiguration;
			buildSettings = {
				ALWAYS_EMBED_SWIFT_STANDARD_LIBRARIES = YES;
				CODE_SIGN_STYLE = Automatic;
				INFOPLIST_FILE = "Xcode-GitHubUITests/Info.plist";
				LD_RUNPATH_SEARCH_PATHS = (
					"$(inherited)",
					"@executable_path/Frameworks",
					"@loader_path/Frameworks",
				);
				PRODUCT_BUNDLE_IDENTIFIER = "Valeria.Xcode-GitHubUITests";
				PRODUCT_NAME = "$(TARGET_NAME)";
				SWIFT_VERSION = 4.2;
				TARGETED_DEVICE_FAMILY = "1,2";
				TEST_TARGET_NAME = "Xcode-GitHub";
			};
			name = Release;
		};
/* End XCBuildConfiguration section */

/* Begin XCConfigurationList section */
		4A4B51E2224732DE0004FD42 /* Build configuration list for PBXProject "Xcode-GitHub" */ = {
			isa = XCConfigurationList;
			buildConfigurations = (
				4A4B520D224732E00004FD42 /* Debug */,
				4A4B520E224732E00004FD42 /* Release */,
			);
			defaultConfigurationIsVisible = 0;
			defaultConfigurationName = Release;
		};
		4A4B520F224732E00004FD42 /* Build configuration list for PBXNativeTarget "Xcode-GitHub" */ = {
			isa = XCConfigurationList;
			buildConfigurations = (
				4A4B5210224732E00004FD42 /* Debug */,
				4A4B5211224732E00004FD42 /* Release */,
			);
			defaultConfigurationIsVisible = 0;
			defaultConfigurationName = Release;
		};
		4A4B5212224732E00004FD42 /* Build configuration list for PBXNativeTarget "Xcode-GitHubTests" */ = {
			isa = XCConfigurationList;
			buildConfigurations = (
				4A4B5213224732E00004FD42 /* Debug */,
				4A4B5214224732E00004FD42 /* Release */,
			);
			defaultConfigurationIsVisible = 0;
			defaultConfigurationName = Release;
		};
		4A4B5215224732E00004FD42 /* Build configuration list for PBXNativeTarget "Xcode-GitHubUITests" */ = {
			isa = XCConfigurationList;
			buildConfigurations = (
				4A4B5216224732E00004FD42 /* Debug */,
				4A4B5217224732E00004FD42 /* Release */,
			);
			defaultConfigurationIsVisible = 0;
			defaultConfigurationName = Release;
		};
/* End XCConfigurationList section */
	};
	rootObject = 4A4B51DF224732DE0004FD42 /* Project object */;
}
